# requirements.lock - DO NOT EDIT UNLESS YOU ARE AN APPROVED COLLABORATOR
# This file is locked for security and reproducibility. Only project collaborators may update it.
# All changes are tracked in version control.

google-generativeai==0.8.3
groq==0.9.0
transformers==4.41.2
torch==2.3.0
accelerate==0.30.1
tokenizers==0.19.1
ollama==0.3.1
python-dotenv==1.0.1
chromadb==1.3.0
fastapi==0.115.9
rich==13.7.1
SpeechRecognition==3.10.0
PyYAML==6.0.1
googlesearch-python==1.2.0
plyer==2.1.0
requests==2.32.3
urllib3==2.2.2
certifi==2024.6.2
typing-extensions==4.12.2
pydantic==2.7.4
cryptography==42.0.8
idna==3.7
